// !$*UTF8*$!
{
	archiveVersion = 1;
	classes = {
	};
	objectVersion = 56;
	objects = {

/* Begin PBXBuildFile section */
		7F106D83295A454400AAB0E6 /* Renderable.swift in Sources */ = {isa = PBXBuildFile; fileRef = 7F106D82295A454400AAB0E6 /* Renderable.swift */; };
		7F106D85295A458000AAB0E6 /* Updatable.swift in Sources */ = {isa = PBXBuildFile; fileRef = 7F106D84295A458000AAB0E6 /* Updatable.swift */; };
		7F106D88295B8DE900AAB0E6 /* RotateComponent.swift in Sources */ = {isa = PBXBuildFile; fileRef = 7F106D87295B8DE900AAB0E6 /* RotateComponent.swift */; };
		7F106D8B295B924200AAB0E6 /* Matrices.swift in Sources */ = {isa = PBXBuildFile; fileRef = 7F106D8A295B924200AAB0E6 /* Matrices.swift */; };
		7F106D8D295B947500AAB0E6 /* ModelConstants.swift in Sources */ = {isa = PBXBuildFile; fileRef = 7F106D8C295B947500AAB0E6 /* ModelConstants.swift */; };
		7F106D90295C876800AAB0E6 /* Scene.swift in Sources */ = {isa = PBXBuildFile; fileRef = 7F106D8F295C876800AAB0E6 /* Scene.swift */; };
		7F106D92295C876F00AAB0E6 /* SceneManager.swift in Sources */ = {isa = PBXBuildFile; fileRef = 7F106D91295C876F00AAB0E6 /* SceneManager.swift */; };
		7F106D94295C880500AAB0E6 /* SandboxScene.swift in Sources */ = {isa = PBXBuildFile; fileRef = 7F106D93295C880500AAB0E6 /* SandboxScene.swift */; };
		7F106D97295C8EF500AAB0E6 /* QuadGameObject.swift in Sources */ = {isa = PBXBuildFile; fileRef = 7F106D96295C8EF500AAB0E6 /* QuadGameObject.swift */; };
		7F106D99295CB4C400AAB0E6 /* GameViewInputExtension.swift in Sources */ = {isa = PBXBuildFile; fileRef = 7F106D98295CB4C400AAB0E6 /* GameViewInputExtension.swift */; };
		7F106D9C295CB50A00AAB0E6 /* KeyCodes.swift in Sources */ = {isa = PBXBuildFile; fileRef = 7F106D9B295CB50A00AAB0E6 /* KeyCodes.swift */; };
		7F106D9E295CB58B00AAB0E6 /* Keyboard.swift in Sources */ = {isa = PBXBuildFile; fileRef = 7F106D9D295CB58B00AAB0E6 /* Keyboard.swift */; };
		7F106DA0295CB5E900AAB0E6 /* Mouse.swift in Sources */ = {isa = PBXBuildFile; fileRef = 7F106D9F295CB5E900AAB0E6 /* Mouse.swift */; };
		7F106DA2295CBB2700AAB0E6 /* InputTrackerComponent.swift in Sources */ = {isa = PBXBuildFile; fileRef = 7F106DA1295CBB2700AAB0E6 /* InputTrackerComponent.swift */; };
		7F106DA4295CBF9400AAB0E6 /* TriGameObject.swift in Sources */ = {isa = PBXBuildFile; fileRef = 7F106DA3295CBF9400AAB0E6 /* TriGameObject.swift */; };
		7F106DA6295CC01C00AAB0E6 /* FaceMouseComponent.swift in Sources */ = {isa = PBXBuildFile; fileRef = 7F106DA5295CC01C00AAB0E6 /* FaceMouseComponent.swift */; };
		7F106DAB295CC90000AAB0E6 /* Shader.swift in Sources */ = {isa = PBXBuildFile; fileRef = 7F106DAA295CC90000AAB0E6 /* Shader.swift */; };
		7F106DB1295CC95C00AAB0E6 /* TriangleMesh.swift in Sources */ = {isa = PBXBuildFile; fileRef = 7F106DB0295CC95C00AAB0E6 /* TriangleMesh.swift */; };
		7F106DB3295CC98000AAB0E6 /* QuadMesh.swift in Sources */ = {isa = PBXBuildFile; fileRef = 7F106DB2295CC98000AAB0E6 /* QuadMesh.swift */; };
		7F106DB5295CCE5D00AAB0E6 /* UInt32.swift in Sources */ = {isa = PBXBuildFile; fileRef = 7F106DB4295CCE5D00AAB0E6 /* UInt32.swift */; };
		7F106DB7295CF05700AAB0E6 /* CameraManager.swift in Sources */ = {isa = PBXBuildFile; fileRef = 7F106DB6295CF05700AAB0E6 /* CameraManager.swift */; };
		7F106DBA295CF09E00AAB0E6 /* Camera.swift in Sources */ = {isa = PBXBuildFile; fileRef = 7F106DB9295CF09E00AAB0E6 /* Camera.swift */; };
		7F106DBC295CF0B800AAB0E6 /* SceneConstants.swift in Sources */ = {isa = PBXBuildFile; fileRef = 7F106DBB295CF0B800AAB0E6 /* SceneConstants.swift */; };
		7F106DBE295D099300AAB0E6 /* DebugCameraComponent.swift in Sources */ = {isa = PBXBuildFile; fileRef = 7F106DBD295D099300AAB0E6 /* DebugCameraComponent.swift */; };
		7F106DC0295D0F2600AAB0E6 /* EarlyUpdatable.swift in Sources */ = {isa = PBXBuildFile; fileRef = 7F106DBF295D0F2600AAB0E6 /* EarlyUpdatable.swift */; };
		7F106DC2295D0F2B00AAB0E6 /* LateUpdatable.swift in Sources */ = {isa = PBXBuildFile; fileRef = 7F106DC1295D0F2B00AAB0E6 /* LateUpdatable.swift */; };
		7F106DC4295D741600AAB0E6 /* CubeMesh.swift in Sources */ = {isa = PBXBuildFile; fileRef = 7F106DC3295D741600AAB0E6 /* CubeMesh.swift */; };
		7F106DC6295D7B1700AAB0E6 /* CubeGameObject.swift in Sources */ = {isa = PBXBuildFile; fileRef = 7F106DC5295D7B1700AAB0E6 /* CubeGameObject.swift */; };
		7F106DC8295D807E00AAB0E6 /* DepthStencilStateCache.swift in Sources */ = {isa = PBXBuildFile; fileRef = 7F106DC7295D807E00AAB0E6 /* DepthStencilStateCache.swift */; };
		7F106DCA2960D03C00AAB0E6 /* MeshType.swift in Sources */ = {isa = PBXBuildFile; fileRef = 7F106DC92960D03C00AAB0E6 /* MeshType.swift */; };
		7F106DCC2960D0A600AAB0E6 /* VertexShaderType.swift in Sources */ = {isa = PBXBuildFile; fileRef = 7F106DCB2960D0A600AAB0E6 /* VertexShaderType.swift */; };
		7F106DCE2960D0B000AAB0E6 /* FragmentShaderType.swift in Sources */ = {isa = PBXBuildFile; fileRef = 7F106DCD2960D0B000AAB0E6 /* FragmentShaderType.swift */; };
		7F106DD02960D0FD00AAB0E6 /* Cache.swift in Sources */ = {isa = PBXBuildFile; fileRef = 7F106DCF2960D0FD00AAB0E6 /* Cache.swift */; };
		7F106DD22960D26300AAB0E6 /* Structs.metal in Sources */ = {isa = PBXBuildFile; fileRef = 7F106DD12960D26300AAB0E6 /* Structs.metal */; };
		7F106DD42960D39300AAB0E6 /* PointingTrianglesScene.swift in Sources */ = {isa = PBXBuildFile; fileRef = 7F106DD32960D39300AAB0E6 /* PointingTrianglesScene.swift */; };
		7F106DD72960D9FF00AAB0E6 /* FragmentShaderChache.swift in Sources */ = {isa = PBXBuildFile; fileRef = 7F106DD62960D9FF00AAB0E6 /* FragmentShaderChache.swift */; };
		7F1AA6ED2934924200BD3501 /* GameView.swift in Sources */ = {isa = PBXBuildFile; fileRef = 7F1AA6EC2934924200BD3501 /* GameView.swift */; };
		7F1AA6EF2934A38500BD3501 /* BasicVertexFragment.metal in Sources */ = {isa = PBXBuildFile; fileRef = 7F1AA6EE2934A38500BD3501 /* BasicVertexFragment.metal */; };
		7F2DCF2E2953C06600B72131 /* Float3.swift in Sources */ = {isa = PBXBuildFile; fileRef = 7F2DCF2D2953C06600B72131 /* Float3.swift */; };
		7F2DCF34295420E800B72131 /* Preferences.swift in Sources */ = {isa = PBXBuildFile; fileRef = 7F2DCF33295420E800B72131 /* Preferences.swift */; };
		7F2DCF362954216C00B72131 /* Engine.swift in Sources */ = {isa = PBXBuildFile; fileRef = 7F2DCF352954216C00B72131 /* Engine.swift */; };
		7F2DCF4129542AC700B72131 /* GameObject.swift in Sources */ = {isa = PBXBuildFile; fileRef = 7F2DCF4029542AC700B72131 /* GameObject.swift */; };
		7F2DCF4329542CBC00B72131 /* GameViewRenderer.swift in Sources */ = {isa = PBXBuildFile; fileRef = 7F2DCF4229542CBC00B72131 /* GameViewRenderer.swift */; };
		7F2DCF4A2956084C00B72131 /* VertexShaderCache.swift in Sources */ = {isa = PBXBuildFile; fileRef = 7F2DCF492956084C00B72131 /* VertexShaderCache.swift */; };
		7F2DCF4C295630FA00B72131 /* VertexDescriptorCache.swift in Sources */ = {isa = PBXBuildFile; fileRef = 7F2DCF4B295630FA00B72131 /* VertexDescriptorCache.swift */; };
		7F2DCF4E2956320900B72131 /* RenderPipelineDescriptorCache.swift in Sources */ = {isa = PBXBuildFile; fileRef = 7F2DCF4D2956320900B72131 /* RenderPipelineDescriptorCache.swift */; };
		7F2DCF502956329E00B72131 /* RenderPipelineStateCache.swift in Sources */ = {isa = PBXBuildFile; fileRef = 7F2DCF4F2956329E00B72131 /* RenderPipelineStateCache.swift */; };
		7F2DCF5229563A7200B72131 /* Component.swift in Sources */ = {isa = PBXBuildFile; fileRef = 7F2DCF5129563A7200B72131 /* Component.swift */; };
		7F2DCF5629563BCB00B72131 /* Mesh.swift in Sources */ = {isa = PBXBuildFile; fileRef = 7F2DCF5529563BCB00B72131 /* Mesh.swift */; };
		7F2DCF5829563BE000B72131 /* MeshRenderer.swift in Sources */ = {isa = PBXBuildFile; fileRef = 7F2DCF5729563BE000B72131 /* MeshRenderer.swift */; };
		7F2DCF5A29563CC900B72131 /* MeshCache.swift in Sources */ = {isa = PBXBuildFile; fileRef = 7F2DCF5929563CC900B72131 /* MeshCache.swift */; };
		7F2DCF5D295652D000B72131 /* Sizeable.swift in Sources */ = {isa = PBXBuildFile; fileRef = 7F2DCF5C295652D000B72131 /* Sizeable.swift */; };
		7F2DCF602956532E00B72131 /* ClearColors.swift in Sources */ = {isa = PBXBuildFile; fileRef = 7F2DCF5F2956532E00B72131 /* ClearColors.swift */; };
		7F2DCF65295653F700B72131 /* Vertex.swift in Sources */ = {isa = PBXBuildFile; fileRef = 7F2DCF64295653F700B72131 /* Vertex.swift */; };
		7F2DCF672956637300B72131 /* Transform.swift in Sources */ = {isa = PBXBuildFile; fileRef = 7F2DCF662956637300B72131 /* Transform.swift */; };
		7F8910BF29347D5600E4C8ED /* AppDelegate.swift in Sources */ = {isa = PBXBuildFile; fileRef = 7F8910BE29347D5600E4C8ED /* AppDelegate.swift */; };
		7F8910C429347D5600E4C8ED /* Game_Engine.xcdatamodeld in Sources */ = {isa = PBXBuildFile; fileRef = 7F8910C229347D5600E4C8ED /* Game_Engine.xcdatamodeld */; };
		7F8910C629347D5600E4C8ED /* Assets.xcassets in Resources */ = {isa = PBXBuildFile; fileRef = 7F8910C529347D5600E4C8ED /* Assets.xcassets */; };
		7F8910C929347D5600E4C8ED /* Main.storyboard in Resources */ = {isa = PBXBuildFile; fileRef = 7F8910C729347D5600E4C8ED /* Main.storyboard */; };
		7F8910D429347D5700E4C8ED /* Game_EngineTests.swift in Sources */ = {isa = PBXBuildFile; fileRef = 7F8910D329347D5700E4C8ED /* Game_EngineTests.swift */; };
		7F8910DE29347D5700E4C8ED /* Game_EngineUITests.swift in Sources */ = {isa = PBXBuildFile; fileRef = 7F8910DD29347D5700E4C8ED /* Game_EngineUITests.swift */; };
		7F8910E029347D5700E4C8ED /* Game_EngineUITestsLaunchTests.swift in Sources */ = {isa = PBXBuildFile; fileRef = 7F8910DF29347D5700E4C8ED /* Game_EngineUITestsLaunchTests.swift */; };
/* End PBXBuildFile section */

/* Begin PBXContainerItemProxy section */
		7F8910D029347D5700E4C8ED /* PBXContainerItemProxy */ = {
			isa = PBXContainerItemProxy;
			containerPortal = 7F8910B329347D5600E4C8ED /* Project object */;
			proxyType = 1;
			remoteGlobalIDString = 7F8910BA29347D5600E4C8ED;
			remoteInfo = "Game Engine";
		};
		7F8910DA29347D5700E4C8ED /* PBXContainerItemProxy */ = {
			isa = PBXContainerItemProxy;
			containerPortal = 7F8910B329347D5600E4C8ED /* Project object */;
			proxyType = 1;
			remoteGlobalIDString = 7F8910BA29347D5600E4C8ED;
			remoteInfo = "Game Engine";
		};
/* End PBXContainerItemProxy section */

/* Begin PBXFileReference section */
		7F106D82295A454400AAB0E6 /* Renderable.swift */ = {isa = PBXFileReference; lastKnownFileType = sourcecode.swift; path = Renderable.swift; sourceTree = "<group>"; };
		7F106D84295A458000AAB0E6 /* Updatable.swift */ = {isa = PBXFileReference; fileEncoding = 4; lastKnownFileType = sourcecode.swift; path = Updatable.swift; sourceTree = "<group>"; };
		7F106D87295B8DE900AAB0E6 /* RotateComponent.swift */ = {isa = PBXFileReference; lastKnownFileType = sourcecode.swift; path = RotateComponent.swift; sourceTree = "<group>"; };
		7F106D8A295B924200AAB0E6 /* Matrices.swift */ = {isa = PBXFileReference; lastKnownFileType = sourcecode.swift; path = Matrices.swift; sourceTree = "<group>"; };
		7F106D8C295B947500AAB0E6 /* ModelConstants.swift */ = {isa = PBXFileReference; fileEncoding = 4; lastKnownFileType = sourcecode.swift; path = ModelConstants.swift; sourceTree = "<group>"; };
		7F106D8F295C876800AAB0E6 /* Scene.swift */ = {isa = PBXFileReference; lastKnownFileType = sourcecode.swift; path = Scene.swift; sourceTree = "<group>"; };
		7F106D91295C876F00AAB0E6 /* SceneManager.swift */ = {isa = PBXFileReference; fileEncoding = 4; lastKnownFileType = sourcecode.swift; path = SceneManager.swift; sourceTree = "<group>"; };
		7F106D93295C880500AAB0E6 /* SandboxScene.swift */ = {isa = PBXFileReference; fileEncoding = 4; lastKnownFileType = sourcecode.swift; path = SandboxScene.swift; sourceTree = "<group>"; };
		7F106D96295C8EF500AAB0E6 /* QuadGameObject.swift */ = {isa = PBXFileReference; fileEncoding = 4; lastKnownFileType = sourcecode.swift; path = QuadGameObject.swift; sourceTree = "<group>"; };
		7F106D98295CB4C400AAB0E6 /* GameViewInputExtension.swift */ = {isa = PBXFileReference; fileEncoding = 4; lastKnownFileType = sourcecode.swift; path = GameViewInputExtension.swift; sourceTree = "<group>"; };
		7F106D9B295CB50A00AAB0E6 /* KeyCodes.swift */ = {isa = PBXFileReference; lastKnownFileType = sourcecode.swift; path = KeyCodes.swift; sourceTree = "<group>"; };
		7F106D9D295CB58B00AAB0E6 /* Keyboard.swift */ = {isa = PBXFileReference; lastKnownFileType = sourcecode.swift; path = Keyboard.swift; sourceTree = "<group>"; };
		7F106D9F295CB5E900AAB0E6 /* Mouse.swift */ = {isa = PBXFileReference; lastKnownFileType = sourcecode.swift; path = Mouse.swift; sourceTree = "<group>"; };
		7F106DA1295CBB2700AAB0E6 /* InputTrackerComponent.swift */ = {isa = PBXFileReference; fileEncoding = 4; lastKnownFileType = sourcecode.swift; path = InputTrackerComponent.swift; sourceTree = "<group>"; };
		7F106DA3295CBF9400AAB0E6 /* TriGameObject.swift */ = {isa = PBXFileReference; fileEncoding = 4; lastKnownFileType = sourcecode.swift; path = TriGameObject.swift; sourceTree = "<group>"; };
		7F106DA5295CC01C00AAB0E6 /* FaceMouseComponent.swift */ = {isa = PBXFileReference; fileEncoding = 4; lastKnownFileType = sourcecode.swift; path = FaceMouseComponent.swift; sourceTree = "<group>"; };
		7F106DAA295CC90000AAB0E6 /* Shader.swift */ = {isa = PBXFileReference; fileEncoding = 4; lastKnownFileType = sourcecode.swift; path = Shader.swift; sourceTree = "<group>"; };
		7F106DB0295CC95C00AAB0E6 /* TriangleMesh.swift */ = {isa = PBXFileReference; fileEncoding = 4; lastKnownFileType = sourcecode.swift; path = TriangleMesh.swift; sourceTree = "<group>"; };
		7F106DB2295CC98000AAB0E6 /* QuadMesh.swift */ = {isa = PBXFileReference; fileEncoding = 4; lastKnownFileType = sourcecode.swift; path = QuadMesh.swift; sourceTree = "<group>"; };
		7F106DB4295CCE5D00AAB0E6 /* UInt32.swift */ = {isa = PBXFileReference; fileEncoding = 4; lastKnownFileType = sourcecode.swift; path = UInt32.swift; sourceTree = "<group>"; };
		7F106DB6295CF05700AAB0E6 /* CameraManager.swift */ = {isa = PBXFileReference; fileEncoding = 4; lastKnownFileType = sourcecode.swift; path = CameraManager.swift; sourceTree = "<group>"; };
		7F106DB9295CF09E00AAB0E6 /* Camera.swift */ = {isa = PBXFileReference; fileEncoding = 4; lastKnownFileType = sourcecode.swift; path = Camera.swift; sourceTree = "<group>"; };
		7F106DBB295CF0B800AAB0E6 /* SceneConstants.swift */ = {isa = PBXFileReference; fileEncoding = 4; lastKnownFileType = sourcecode.swift; path = SceneConstants.swift; sourceTree = "<group>"; };
		7F106DBD295D099300AAB0E6 /* DebugCameraComponent.swift */ = {isa = PBXFileReference; fileEncoding = 4; lastKnownFileType = sourcecode.swift; path = DebugCameraComponent.swift; sourceTree = "<group>"; };
		7F106DBF295D0F2600AAB0E6 /* EarlyUpdatable.swift */ = {isa = PBXFileReference; fileEncoding = 4; lastKnownFileType = sourcecode.swift; path = EarlyUpdatable.swift; sourceTree = "<group>"; };
		7F106DC1295D0F2B00AAB0E6 /* LateUpdatable.swift */ = {isa = PBXFileReference; fileEncoding = 4; lastKnownFileType = sourcecode.swift; path = LateUpdatable.swift; sourceTree = "<group>"; };
		7F106DC3295D741600AAB0E6 /* CubeMesh.swift */ = {isa = PBXFileReference; fileEncoding = 4; lastKnownFileType = sourcecode.swift; path = CubeMesh.swift; sourceTree = "<group>"; };
		7F106DC5295D7B1700AAB0E6 /* CubeGameObject.swift */ = {isa = PBXFileReference; fileEncoding = 4; lastKnownFileType = sourcecode.swift; path = CubeGameObject.swift; sourceTree = "<group>"; };
		7F106DC7295D807E00AAB0E6 /* DepthStencilStateCache.swift */ = {isa = PBXFileReference; fileEncoding = 4; lastKnownFileType = sourcecode.swift; path = DepthStencilStateCache.swift; sourceTree = "<group>"; };
		7F106DC92960D03C00AAB0E6 /* MeshType.swift */ = {isa = PBXFileReference; fileEncoding = 4; lastKnownFileType = sourcecode.swift; path = MeshType.swift; sourceTree = "<group>"; };
		7F106DCB2960D0A600AAB0E6 /* VertexShaderType.swift */ = {isa = PBXFileReference; fileEncoding = 4; lastKnownFileType = sourcecode.swift; path = VertexShaderType.swift; sourceTree = "<group>"; };
		7F106DCD2960D0B000AAB0E6 /* FragmentShaderType.swift */ = {isa = PBXFileReference; fileEncoding = 4; lastKnownFileType = sourcecode.swift; path = FragmentShaderType.swift; sourceTree = "<group>"; };
		7F106DCF2960D0FD00AAB0E6 /* Cache.swift */ = {isa = PBXFileReference; lastKnownFileType = sourcecode.swift; path = Cache.swift; sourceTree = "<group>"; };
		7F106DD12960D26300AAB0E6 /* Structs.metal */ = {isa = PBXFileReference; fileEncoding = 4; lastKnownFileType = sourcecode.metal; path = Structs.metal; sourceTree = "<group>"; };
		7F106DD32960D39300AAB0E6 /* PointingTrianglesScene.swift */ = {isa = PBXFileReference; fileEncoding = 4; lastKnownFileType = sourcecode.swift; path = PointingTrianglesScene.swift; sourceTree = "<group>"; };
		7F106DD62960D9FF00AAB0E6 /* FragmentShaderChache.swift */ = {isa = PBXFileReference; fileEncoding = 4; lastKnownFileType = sourcecode.swift; path = FragmentShaderChache.swift; sourceTree = "<group>"; };
		7F1AA6EC2934924200BD3501 /* GameView.swift */ = {isa = PBXFileReference; lastKnownFileType = sourcecode.swift; path = GameView.swift; sourceTree = "<group>"; };
		7F1AA6EE2934A38500BD3501 /* BasicVertexFragment.metal */ = {isa = PBXFileReference; lastKnownFileType = sourcecode.metal; path = BasicVertexFragment.metal; sourceTree = "<group>"; };
		7F2DCF2D2953C06600B72131 /* Float3.swift */ = {isa = PBXFileReference; lastKnownFileType = sourcecode.swift; path = Float3.swift; sourceTree = "<group>"; };
		7F2DCF33295420E800B72131 /* Preferences.swift */ = {isa = PBXFileReference; lastKnownFileType = sourcecode.swift; path = Preferences.swift; sourceTree = "<group>"; };
		7F2DCF352954216C00B72131 /* Engine.swift */ = {isa = PBXFileReference; lastKnownFileType = sourcecode.swift; path = Engine.swift; sourceTree = "<group>"; };
		7F2DCF4029542AC700B72131 /* GameObject.swift */ = {isa = PBXFileReference; lastKnownFileType = sourcecode.swift; path = GameObject.swift; sourceTree = "<group>"; };
		7F2DCF4229542CBC00B72131 /* GameViewRenderer.swift */ = {isa = PBXFileReference; lastKnownFileType = sourcecode.swift; path = GameViewRenderer.swift; sourceTree = "<group>"; };
		7F2DCF492956084C00B72131 /* VertexShaderCache.swift */ = {isa = PBXFileReference; lastKnownFileType = sourcecode.swift; path = VertexShaderCache.swift; sourceTree = "<group>"; };
		7F2DCF4B295630FA00B72131 /* VertexDescriptorCache.swift */ = {isa = PBXFileReference; lastKnownFileType = sourcecode.swift; path = VertexDescriptorCache.swift; sourceTree = "<group>"; };
		7F2DCF4D2956320900B72131 /* RenderPipelineDescriptorCache.swift */ = {isa = PBXFileReference; lastKnownFileType = sourcecode.swift; path = RenderPipelineDescriptorCache.swift; sourceTree = "<group>"; };
		7F2DCF4F2956329E00B72131 /* RenderPipelineStateCache.swift */ = {isa = PBXFileReference; lastKnownFileType = sourcecode.swift; path = RenderPipelineStateCache.swift; sourceTree = "<group>"; };
		7F2DCF5129563A7200B72131 /* Component.swift */ = {isa = PBXFileReference; lastKnownFileType = sourcecode.swift; path = Component.swift; sourceTree = "<group>"; };
		7F2DCF5529563BCB00B72131 /* Mesh.swift */ = {isa = PBXFileReference; lastKnownFileType = sourcecode.swift; path = Mesh.swift; sourceTree = "<group>"; };
		7F2DCF5729563BE000B72131 /* MeshRenderer.swift */ = {isa = PBXFileReference; fileEncoding = 4; lastKnownFileType = sourcecode.swift; path = MeshRenderer.swift; sourceTree = "<group>"; };
		7F2DCF5929563CC900B72131 /* MeshCache.swift */ = {isa = PBXFileReference; fileEncoding = 4; lastKnownFileType = sourcecode.swift; path = MeshCache.swift; sourceTree = "<group>"; };
		7F2DCF5C295652D000B72131 /* Sizeable.swift */ = {isa = PBXFileReference; fileEncoding = 4; lastKnownFileType = sourcecode.swift; path = Sizeable.swift; sourceTree = "<group>"; };
		7F2DCF5F2956532E00B72131 /* ClearColors.swift */ = {isa = PBXFileReference; fileEncoding = 4; lastKnownFileType = sourcecode.swift; path = ClearColors.swift; sourceTree = "<group>"; };
		7F2DCF64295653F700B72131 /* Vertex.swift */ = {isa = PBXFileReference; fileEncoding = 4; lastKnownFileType = sourcecode.swift; path = Vertex.swift; sourceTree = "<group>"; };
		7F2DCF662956637300B72131 /* Transform.swift */ = {isa = PBXFileReference; fileEncoding = 4; lastKnownFileType = sourcecode.swift; path = Transform.swift; sourceTree = "<group>"; };
		7F8910BB29347D5600E4C8ED /* Game Engine.app */ = {isa = PBXFileReference; explicitFileType = wrapper.application; includeInIndex = 0; path = "Game Engine.app"; sourceTree = BUILT_PRODUCTS_DIR; };
		7F8910BE29347D5600E4C8ED /* AppDelegate.swift */ = {isa = PBXFileReference; lastKnownFileType = sourcecode.swift; path = AppDelegate.swift; sourceTree = "<group>"; };
		7F8910C329347D5600E4C8ED /* Game_Engine.xcdatamodel */ = {isa = PBXFileReference; lastKnownFileType = wrapper.xcdatamodel; path = Game_Engine.xcdatamodel; sourceTree = "<group>"; };
		7F8910C529347D5600E4C8ED /* Assets.xcassets */ = {isa = PBXFileReference; lastKnownFileType = folder.assetcatalog; path = Assets.xcassets; sourceTree = "<group>"; };
		7F8910C829347D5600E4C8ED /* Base */ = {isa = PBXFileReference; lastKnownFileType = file.storyboard; name = Base; path = Base.lproj/Main.storyboard; sourceTree = "<group>"; };
		7F8910CA29347D5600E4C8ED /* Game_Engine.entitlements */ = {isa = PBXFileReference; lastKnownFileType = text.plist.entitlements; path = Game_Engine.entitlements; sourceTree = "<group>"; };
		7F8910CF29347D5700E4C8ED /* Game EngineTests.xctest */ = {isa = PBXFileReference; explicitFileType = wrapper.cfbundle; includeInIndex = 0; path = "Game EngineTests.xctest"; sourceTree = BUILT_PRODUCTS_DIR; };
		7F8910D329347D5700E4C8ED /* Game_EngineTests.swift */ = {isa = PBXFileReference; lastKnownFileType = sourcecode.swift; path = Game_EngineTests.swift; sourceTree = "<group>"; };
		7F8910D929347D5700E4C8ED /* Game EngineUITests.xctest */ = {isa = PBXFileReference; explicitFileType = wrapper.cfbundle; includeInIndex = 0; path = "Game EngineUITests.xctest"; sourceTree = BUILT_PRODUCTS_DIR; };
		7F8910DD29347D5700E4C8ED /* Game_EngineUITests.swift */ = {isa = PBXFileReference; lastKnownFileType = sourcecode.swift; path = Game_EngineUITests.swift; sourceTree = "<group>"; };
		7F8910DF29347D5700E4C8ED /* Game_EngineUITestsLaunchTests.swift */ = {isa = PBXFileReference; lastKnownFileType = sourcecode.swift; path = Game_EngineUITestsLaunchTests.swift; sourceTree = "<group>"; };
/* End PBXFileReference section */

/* Begin PBXFrameworksBuildPhase section */
		7F8910B829347D5600E4C8ED /* Frameworks */ = {
			isa = PBXFrameworksBuildPhase;
			buildActionMask = 2147483647;
			files = (
			);
			runOnlyForDeploymentPostprocessing = 0;
		};
		7F8910CC29347D5700E4C8ED /* Frameworks */ = {
			isa = PBXFrameworksBuildPhase;
			buildActionMask = 2147483647;
			files = (
			);
			runOnlyForDeploymentPostprocessing = 0;
		};
		7F8910D629347D5700E4C8ED /* Frameworks */ = {
			isa = PBXFrameworksBuildPhase;
			buildActionMask = 2147483647;
			files = (
			);
			runOnlyForDeploymentPostprocessing = 0;
		};
/* End PBXFrameworksBuildPhase section */

/* Begin PBXGroup section */
		7F106D81295A453100AAB0E6 /* Protocols */ = {
			isa = PBXGroup;
			children = (
				7F106D82295A454400AAB0E6 /* Renderable.swift */,
				7F106D84295A458000AAB0E6 /* Updatable.swift */,
				7F106DBF295D0F2600AAB0E6 /* EarlyUpdatable.swift */,
				7F106DC1295D0F2B00AAB0E6 /* LateUpdatable.swift */,
			);
			path = Protocols;
			sourceTree = "<group>";
		};
		7F106D86295B8DB300AAB0E6 /* Testing Objects */ = {
			isa = PBXGroup;
			children = (
				7F106DD52960D3A200AAB0E6 /* Scenes */,
				7F106DA8295CC02800AAB0E6 /* Prefabs */,
				7F106DA7295CC02300AAB0E6 /* Components */,
			);
			path = "Testing Objects";
			sourceTree = "<group>";
		};
		7F106D89295B923800AAB0E6 /* Math */ = {
			isa = PBXGroup;
			children = (
				7F106D8A295B924200AAB0E6 /* Matrices.swift */,
			);
			path = Math;
			sourceTree = "<group>";
		};
		7F106D8E295C874D00AAB0E6 /* Scene */ = {
			isa = PBXGroup;
			children = (
				7F106D8F295C876800AAB0E6 /* Scene.swift */,
			);
			path = Scene;
			sourceTree = "<group>";
		};
		7F106D95295C896600AAB0E6 /* Managers */ = {
			isa = PBXGroup;
			children = (
				7F106D91295C876F00AAB0E6 /* SceneManager.swift */,
				7F106DB6295CF05700AAB0E6 /* CameraManager.swift */,
			);
			path = Managers;
			sourceTree = "<group>";
		};
		7F106D9A295CB4E300AAB0E6 /* Input */ = {
			isa = PBXGroup;
			children = (
				7F106D98295CB4C400AAB0E6 /* GameViewInputExtension.swift */,
				7F106D9B295CB50A00AAB0E6 /* KeyCodes.swift */,
				7F106D9D295CB58B00AAB0E6 /* Keyboard.swift */,
				7F106D9F295CB5E900AAB0E6 /* Mouse.swift */,
			);
			path = Input;
			sourceTree = "<group>";
		};
		7F106DA7295CC02300AAB0E6 /* Components */ = {
			isa = PBXGroup;
			children = (
				7F106DBD295D099300AAB0E6 /* DebugCameraComponent.swift */,
				7F106D87295B8DE900AAB0E6 /* RotateComponent.swift */,
				7F106DA5295CC01C00AAB0E6 /* FaceMouseComponent.swift */,
				7F106DA1295CBB2700AAB0E6 /* InputTrackerComponent.swift */,
			);
			path = Components;
			sourceTree = "<group>";
		};
		7F106DA8295CC02800AAB0E6 /* Prefabs */ = {
			isa = PBXGroup;
			children = (
				7F106D96295C8EF500AAB0E6 /* QuadGameObject.swift */,
				7F106DA3295CBF9400AAB0E6 /* TriGameObject.swift */,
				7F106DC5295D7B1700AAB0E6 /* CubeGameObject.swift */,
			);
			path = Prefabs;
			sourceTree = "<group>";
		};
		7F106DA9295CC8F600AAB0E6 /* Shader */ = {
			isa = PBXGroup;
			children = (
				7F106DAA295CC90000AAB0E6 /* Shader.swift */,
				7F106DCB2960D0A600AAB0E6 /* VertexShaderType.swift */,
				7F2DCF492956084C00B72131 /* VertexShaderCache.swift */,
				7F106DCD2960D0B000AAB0E6 /* FragmentShaderType.swift */,
				7F106DD62960D9FF00AAB0E6 /* FragmentShaderChache.swift */,
			);
			path = Shader;
			sourceTree = "<group>";
		};
		7F106DAC295CC92000AAB0E6 /* Mesh */ = {
			isa = PBXGroup;
			children = (
				7F2DCF5529563BCB00B72131 /* Mesh.swift */,
				7F106DC92960D03C00AAB0E6 /* MeshType.swift */,
				7F2DCF5929563CC900B72131 /* MeshCache.swift */,
				7F106DAF295CC94D00AAB0E6 /* Meshes */,
			);
			path = Mesh;
			sourceTree = "<group>";
		};
		7F106DAF295CC94D00AAB0E6 /* Meshes */ = {
			isa = PBXGroup;
			children = (
				7F106DB0295CC95C00AAB0E6 /* TriangleMesh.swift */,
				7F106DB2295CC98000AAB0E6 /* QuadMesh.swift */,
				7F106DC3295D741600AAB0E6 /* CubeMesh.swift */,
			);
			path = Meshes;
			sourceTree = "<group>";
		};
		7F106DB8295CF09800AAB0E6 /* Camera */ = {
			isa = PBXGroup;
			children = (
				7F106DB9295CF09E00AAB0E6 /* Camera.swift */,
			);
			path = Camera;
			sourceTree = "<group>";
		};
		7F106DD52960D3A200AAB0E6 /* Scenes */ = {
			isa = PBXGroup;
			children = (
				7F106D93295C880500AAB0E6 /* SandboxScene.swift */,
				7F106DD32960D39300AAB0E6 /* PointingTrianglesScene.swift */,
			);
			path = Scenes;
			sourceTree = "<group>";
		};
		7F1AA6EB29348BDA00BD3501 /* Other Files */ = {
			isa = PBXGroup;
			children = (
				7F8910BE29347D5600E4C8ED /* AppDelegate.swift */,
				7F8910C529347D5600E4C8ED /* Assets.xcassets */,
				7F8910CA29347D5600E4C8ED /* Game_Engine.entitlements */,
				7F8910C229347D5600E4C8ED /* Game_Engine.xcdatamodeld */,
			);
			path = "Other Files";
			sourceTree = "<group>";
		};
		7F2DCF2F2953D53700B72131 /* Core */ = {
			isa = PBXGroup;
			children = (
				7F2DCF5E2956531200B72131 /* Preferences */,
				7F106D89295B923800AAB0E6 /* Math */,
				7F2DCF5B295652C200B72131 /* Types */,
				7F2DCF352954216C00B72131 /* Engine.swift */,
			);
			path = Core;
			sourceTree = "<group>";
		};
		7F2DCF312953D58200B72131 /* Shaders */ = {
			isa = PBXGroup;
			children = (
				7F1AA6EE2934A38500BD3501 /* BasicVertexFragment.metal */,
				7F106DD12960D26300AAB0E6 /* Structs.metal */,
			);
			path = Shaders;
			sourceTree = "<group>";
		};
		7F2DCF322953D59300B72131 /* Display */ = {
			isa = PBXGroup;
			children = (
				7F1AA6EC2934924200BD3501 /* GameView.swift */,
				7F2DCF4229542CBC00B72131 /* GameViewRenderer.swift */,
				7F8910C729347D5600E4C8ED /* Main.storyboard */,
			);
			path = Display;
			sourceTree = "<group>";
		};
		7F2DCF3F29542AAB00B72131 /* Entities */ = {
			isa = PBXGroup;
			children = (
				7F2DCF662956637300B72131 /* Transform.swift */,
				7F2DCF4029542AC700B72131 /* GameObject.swift */,
				7F106D81295A453100AAB0E6 /* Protocols */,
				7F2DCF5329563BAE00B72131 /* Components */,
				7F106D8E295C874D00AAB0E6 /* Scene */,
			);
			path = Entities;
			sourceTree = "<group>";
		};
		7F2DCF482956083D00B72131 /* Caches */ = {
			isa = PBXGroup;
			children = (
				7F106DCF2960D0FD00AAB0E6 /* Cache.swift */,
				7F106DAC295CC92000AAB0E6 /* Mesh */,
				7F106DA9295CC8F600AAB0E6 /* Shader */,
				7F2DCF4B295630FA00B72131 /* VertexDescriptorCache.swift */,
				7F2DCF4D2956320900B72131 /* RenderPipelineDescriptorCache.swift */,
				7F2DCF4F2956329E00B72131 /* RenderPipelineStateCache.swift */,
				7F106DC7295D807E00AAB0E6 /* DepthStencilStateCache.swift */,
			);
			path = Caches;
			sourceTree = "<group>";
		};
		7F2DCF5329563BAE00B72131 /* Components */ = {
			isa = PBXGroup;
			children = (
				7F2DCF5129563A7200B72131 /* Component.swift */,
				7F106DB8295CF09800AAB0E6 /* Camera */,
				7F2DCF5429563BBE00B72131 /* MeshRenderer */,
			);
			path = Components;
			sourceTree = "<group>";
		};
		7F2DCF5429563BBE00B72131 /* MeshRenderer */ = {
			isa = PBXGroup;
			children = (
				7F2DCF5729563BE000B72131 /* MeshRenderer.swift */,
			);
			path = MeshRenderer;
			sourceTree = "<group>";
		};
		7F2DCF5B295652C200B72131 /* Types */ = {
			isa = PBXGroup;
			children = (
				7F2DCF2D2953C06600B72131 /* Float3.swift */,
				7F106DB4295CCE5D00AAB0E6 /* UInt32.swift */,
				7F2DCF5C295652D000B72131 /* Sizeable.swift */,
				7F2DCF64295653F700B72131 /* Vertex.swift */,
				7F106D8C295B947500AAB0E6 /* ModelConstants.swift */,
				7F106DBB295CF0B800AAB0E6 /* SceneConstants.swift */,
			);
			path = Types;
			sourceTree = "<group>";
		};
		7F2DCF5E2956531200B72131 /* Preferences */ = {
			isa = PBXGroup;
			children = (
				7F2DCF33295420E800B72131 /* Preferences.swift */,
				7F2DCF5F2956532E00B72131 /* ClearColors.swift */,
			);
			path = Preferences;
			sourceTree = "<group>";
		};
		7F8910B229347D5600E4C8ED = {
			isa = PBXGroup;
			children = (
				7F8910BD29347D5600E4C8ED /* Game Engine */,
				7F8910D229347D5700E4C8ED /* Game EngineTests */,
				7F8910DC29347D5700E4C8ED /* Game EngineUITests */,
				7F8910BC29347D5600E4C8ED /* Products */,
			);
			sourceTree = "<group>";
		};
		7F8910BC29347D5600E4C8ED /* Products */ = {
			isa = PBXGroup;
			children = (
				7F8910BB29347D5600E4C8ED /* Game Engine.app */,
				7F8910CF29347D5700E4C8ED /* Game EngineTests.xctest */,
				7F8910D929347D5700E4C8ED /* Game EngineUITests.xctest */,
			);
			name = Products;
			sourceTree = "<group>";
		};
		7F8910BD29347D5600E4C8ED /* Game Engine */ = {
			isa = PBXGroup;
			children = (
				7F106D86295B8DB300AAB0E6 /* Testing Objects */,
				7F2DCF3F29542AAB00B72131 /* Entities */,
				7F2DCF2F2953D53700B72131 /* Core */,
				7F106D95295C896600AAB0E6 /* Managers */,
				7F2DCF482956083D00B72131 /* Caches */,
				7F2DCF312953D58200B72131 /* Shaders */,
				7F106D9A295CB4E300AAB0E6 /* Input */,
				7F2DCF322953D59300B72131 /* Display */,
				7F1AA6EB29348BDA00BD3501 /* Other Files */,
			);
			path = "Game Engine";
			sourceTree = "<group>";
		};
		7F8910D229347D5700E4C8ED /* Game EngineTests */ = {
			isa = PBXGroup;
			children = (
				7F8910D329347D5700E4C8ED /* Game_EngineTests.swift */,
			);
			path = "Game EngineTests";
			sourceTree = "<group>";
		};
		7F8910DC29347D5700E4C8ED /* Game EngineUITests */ = {
			isa = PBXGroup;
			children = (
				7F8910DD29347D5700E4C8ED /* Game_EngineUITests.swift */,
				7F8910DF29347D5700E4C8ED /* Game_EngineUITestsLaunchTests.swift */,
			);
			path = "Game EngineUITests";
			sourceTree = "<group>";
		};
/* End PBXGroup section */

/* Begin PBXNativeTarget section */
		7F8910BA29347D5600E4C8ED /* Game Engine */ = {
			isa = PBXNativeTarget;
			buildConfigurationList = 7F8910E329347D5700E4C8ED /* Build configuration list for PBXNativeTarget "Game Engine" */;
			buildPhases = (
				7F8910B729347D5600E4C8ED /* Sources */,
				7F8910B829347D5600E4C8ED /* Frameworks */,
				7F8910B929347D5600E4C8ED /* Resources */,
			);
			buildRules = (
			);
			dependencies = (
			);
			name = "Game Engine";
			productName = "Game Engine";
			productReference = 7F8910BB29347D5600E4C8ED /* Game Engine.app */;
			productType = "com.apple.product-type.application";
		};
		7F8910CE29347D5700E4C8ED /* Game EngineTests */ = {
			isa = PBXNativeTarget;
			buildConfigurationList = 7F8910E629347D5700E4C8ED /* Build configuration list for PBXNativeTarget "Game EngineTests" */;
			buildPhases = (
				7F8910CB29347D5700E4C8ED /* Sources */,
				7F8910CC29347D5700E4C8ED /* Frameworks */,
				7F8910CD29347D5700E4C8ED /* Resources */,
			);
			buildRules = (
			);
			dependencies = (
				7F8910D129347D5700E4C8ED /* PBXTargetDependency */,
			);
			name = "Game EngineTests";
			productName = "Game EngineTests";
			productReference = 7F8910CF29347D5700E4C8ED /* Game EngineTests.xctest */;
			productType = "com.apple.product-type.bundle.unit-test";
		};
		7F8910D829347D5700E4C8ED /* Game EngineUITests */ = {
			isa = PBXNativeTarget;
			buildConfigurationList = 7F8910E929347D5700E4C8ED /* Build configuration list for PBXNativeTarget "Game EngineUITests" */;
			buildPhases = (
				7F8910D529347D5700E4C8ED /* Sources */,
				7F8910D629347D5700E4C8ED /* Frameworks */,
				7F8910D729347D5700E4C8ED /* Resources */,
			);
			buildRules = (
			);
			dependencies = (
				7F8910DB29347D5700E4C8ED /* PBXTargetDependency */,
			);
			name = "Game EngineUITests";
			productName = "Game EngineUITests";
			productReference = 7F8910D929347D5700E4C8ED /* Game EngineUITests.xctest */;
			productType = "com.apple.product-type.bundle.ui-testing";
		};
/* End PBXNativeTarget section */

/* Begin PBXProject section */
		7F8910B329347D5600E4C8ED /* Project object */ = {
			isa = PBXProject;
			attributes = {
				BuildIndependentTargetsInParallel = 1;
				LastSwiftUpdateCheck = 1410;
				LastUpgradeCheck = 1410;
				TargetAttributes = {
					7F8910BA29347D5600E4C8ED = {
						CreatedOnToolsVersion = 14.1;
					};
					7F8910CE29347D5700E4C8ED = {
						CreatedOnToolsVersion = 14.1;
						TestTargetID = 7F8910BA29347D5600E4C8ED;
					};
					7F8910D829347D5700E4C8ED = {
						CreatedOnToolsVersion = 14.1;
						TestTargetID = 7F8910BA29347D5600E4C8ED;
					};
				};
			};
			buildConfigurationList = 7F8910B629347D5600E4C8ED /* Build configuration list for PBXProject "Game Engine" */;
			compatibilityVersion = "Xcode 14.0";
			developmentRegion = en;
			hasScannedForEncodings = 0;
			knownRegions = (
				en,
				Base,
			);
			mainGroup = 7F8910B229347D5600E4C8ED;
			productRefGroup = 7F8910BC29347D5600E4C8ED /* Products */;
			projectDirPath = "";
			projectRoot = "";
			targets = (
				7F8910BA29347D5600E4C8ED /* Game Engine */,
				7F8910CE29347D5700E4C8ED /* Game EngineTests */,
				7F8910D829347D5700E4C8ED /* Game EngineUITests */,
			);
		};
/* End PBXProject section */

/* Begin PBXResourcesBuildPhase section */
		7F8910B929347D5600E4C8ED /* Resources */ = {
			isa = PBXResourcesBuildPhase;
			buildActionMask = 2147483647;
			files = (
				7F8910C629347D5600E4C8ED /* Assets.xcassets in Resources */,
				7F8910C929347D5600E4C8ED /* Main.storyboard in Resources */,
			);
			runOnlyForDeploymentPostprocessing = 0;
		};
		7F8910CD29347D5700E4C8ED /* Resources */ = {
			isa = PBXResourcesBuildPhase;
			buildActionMask = 2147483647;
			files = (
			);
			runOnlyForDeploymentPostprocessing = 0;
		};
		7F8910D729347D5700E4C8ED /* Resources */ = {
			isa = PBXResourcesBuildPhase;
			buildActionMask = 2147483647;
			files = (
			);
			runOnlyForDeploymentPostprocessing = 0;
		};
/* End PBXResourcesBuildPhase section */

/* Begin PBXSourcesBuildPhase section */
		7F8910B729347D5600E4C8ED /* Sources */ = {
			isa = PBXSourcesBuildPhase;
			buildActionMask = 2147483647;
			files = (
				7F106D9C295CB50A00AAB0E6 /* KeyCodes.swift in Sources */,
				7F106DA0295CB5E900AAB0E6 /* Mouse.swift in Sources */,
				7F106DA6295CC01C00AAB0E6 /* FaceMouseComponent.swift in Sources */,
				7F1AA6EF2934A38500BD3501 /* BasicVertexFragment.metal in Sources */,
				7F2DCF5829563BE000B72131 /* MeshRenderer.swift in Sources */,
				7F106DC8295D807E00AAB0E6 /* DepthStencilStateCache.swift in Sources */,
				7F106D85295A458000AAB0E6 /* Updatable.swift in Sources */,
				7F2DCF5229563A7200B72131 /* Component.swift in Sources */,
				7F2DCF4C295630FA00B72131 /* VertexDescriptorCache.swift in Sources */,
				7F106D88295B8DE900AAB0E6 /* RotateComponent.swift in Sources */,
				7F106DD02960D0FD00AAB0E6 /* Cache.swift in Sources */,
				7F8910BF29347D5600E4C8ED /* AppDelegate.swift in Sources */,
				7F106D83295A454400AAB0E6 /* Renderable.swift in Sources */,
				7F106DCC2960D0A600AAB0E6 /* VertexShaderType.swift in Sources */,
				7F2DCF4A2956084C00B72131 /* VertexShaderCache.swift in Sources */,
				7F106DD72960D9FF00AAB0E6 /* FragmentShaderChache.swift in Sources */,
				7F106DC0295D0F2600AAB0E6 /* EarlyUpdatable.swift in Sources */,
				7F2DCF34295420E800B72131 /* Preferences.swift in Sources */,
				7F106D92295C876F00AAB0E6 /* SceneManager.swift in Sources */,
				7F106DC2295D0F2B00AAB0E6 /* LateUpdatable.swift in Sources */,
				7F106DBE295D099300AAB0E6 /* DebugCameraComponent.swift in Sources */,
				7F1AA6ED2934924200BD3501 /* GameView.swift in Sources */,
				7F106D8D295B947500AAB0E6 /* ModelConstants.swift in Sources */,
				7F106DD42960D39300AAB0E6 /* PointingTrianglesScene.swift in Sources */,
				7F106D99295CB4C400AAB0E6 /* GameViewInputExtension.swift in Sources */,
				7F106DB3295CC98000AAB0E6 /* QuadMesh.swift in Sources */,
				7F106DCE2960D0B000AAB0E6 /* FragmentShaderType.swift in Sources */,
				7F106DC4295D741600AAB0E6 /* CubeMesh.swift in Sources */,
				7F2DCF5D295652D000B72131 /* Sizeable.swift in Sources */,
				7F2DCF2E2953C06600B72131 /* Float3.swift in Sources */,
				7F2DCF672956637300B72131 /* Transform.swift in Sources */,
				7F106DA2295CBB2700AAB0E6 /* InputTrackerComponent.swift in Sources */,
				7F106DBC295CF0B800AAB0E6 /* SceneConstants.swift in Sources */,
				7F106DB7295CF05700AAB0E6 /* CameraManager.swift in Sources */,
				7F2DCF4129542AC700B72131 /* GameObject.swift in Sources */,
				7F8910C429347D5600E4C8ED /* Game_Engine.xcdatamodeld in Sources */,
				7F106DCA2960D03C00AAB0E6 /* MeshType.swift in Sources */,
				7F106DB1295CC95C00AAB0E6 /* TriangleMesh.swift in Sources */,
				7F106D94295C880500AAB0E6 /* SandboxScene.swift in Sources */,
				7F2DCF5629563BCB00B72131 /* Mesh.swift in Sources */,
				7F2DCF65295653F700B72131 /* Vertex.swift in Sources */,
				7F106D97295C8EF500AAB0E6 /* QuadGameObject.swift in Sources */,
				7F106D8B295B924200AAB0E6 /* Matrices.swift in Sources */,
				7F106D9E295CB58B00AAB0E6 /* Keyboard.swift in Sources */,
				7F2DCF5A29563CC900B72131 /* MeshCache.swift in Sources */,
				7F2DCF362954216C00B72131 /* Engine.swift in Sources */,
				7F106DA4295CBF9400AAB0E6 /* TriGameObject.swift in Sources */,
				7F106DD22960D26300AAB0E6 /* Structs.metal in Sources */,
				7F106DB5295CCE5D00AAB0E6 /* UInt32.swift in Sources */,
				7F106DC6295D7B1700AAB0E6 /* CubeGameObject.swift in Sources */,
				7F2DCF502956329E00B72131 /* RenderPipelineStateCache.swift in Sources */,
				7F2DCF4E2956320900B72131 /* RenderPipelineDescriptorCache.swift in Sources */,
				7F106DBA295CF09E00AAB0E6 /* Camera.swift in Sources */,
				7F106DAB295CC90000AAB0E6 /* Shader.swift in Sources */,
				7F2DCF4329542CBC00B72131 /* GameViewRenderer.swift in Sources */,
				7F2DCF602956532E00B72131 /* ClearColors.swift in Sources */,
				7F106D90295C876800AAB0E6 /* Scene.swift in Sources */,
			);
			runOnlyForDeploymentPostprocessing = 0;
		};
		7F8910CB29347D5700E4C8ED /* Sources */ = {
			isa = PBXSourcesBuildPhase;
			buildActionMask = 2147483647;
			files = (
				7F8910D429347D5700E4C8ED /* Game_EngineTests.swift in Sources */,
			);
			runOnlyForDeploymentPostprocessing = 0;
		};
		7F8910D529347D5700E4C8ED /* Sources */ = {
			isa = PBXSourcesBuildPhase;
			buildActionMask = 2147483647;
			files = (
				7F8910E029347D5700E4C8ED /* Game_EngineUITestsLaunchTests.swift in Sources */,
				7F8910DE29347D5700E4C8ED /* Game_EngineUITests.swift in Sources */,
			);
			runOnlyForDeploymentPostprocessing = 0;
		};
/* End PBXSourcesBuildPhase section */

/* Begin PBXTargetDependency section */
		7F8910D129347D5700E4C8ED /* PBXTargetDependency */ = {
			isa = PBXTargetDependency;
			target = 7F8910BA29347D5600E4C8ED /* Game Engine */;
			targetProxy = 7F8910D029347D5700E4C8ED /* PBXContainerItemProxy */;
		};
		7F8910DB29347D5700E4C8ED /* PBXTargetDependency */ = {
			isa = PBXTargetDependency;
			target = 7F8910BA29347D5600E4C8ED /* Game Engine */;
			targetProxy = 7F8910DA29347D5700E4C8ED /* PBXContainerItemProxy */;
		};
/* End PBXTargetDependency section */

/* Begin PBXVariantGroup section */
		7F8910C729347D5600E4C8ED /* Main.storyboard */ = {
			isa = PBXVariantGroup;
			children = (
				7F8910C829347D5600E4C8ED /* Base */,
			);
			name = Main.storyboard;
			sourceTree = "<group>";
		};
/* End PBXVariantGroup section */

/* Begin XCBuildConfiguration section */
		7F8910E129347D5700E4C8ED /* Debug */ = {
			isa = XCBuildConfiguration;
			buildSettings = {
				ALWAYS_SEARCH_USER_PATHS = NO;
				CLANG_ANALYZER_NONNULL = YES;
				CLANG_ANALYZER_NUMBER_OBJECT_CONVERSION = YES_AGGRESSIVE;
				CLANG_CXX_LANGUAGE_STANDARD = "gnu++20";
				CLANG_ENABLE_MODULES = YES;
				CLANG_ENABLE_OBJC_ARC = YES;
				CLANG_ENABLE_OBJC_WEAK = YES;
				CLANG_WARN_BLOCK_CAPTURE_AUTORELEASING = YES;
				CLANG_WARN_BOOL_CONVERSION = YES;
				CLANG_WARN_COMMA = YES;
				CLANG_WARN_CONSTANT_CONVERSION = YES;
				CLANG_WARN_DEPRECATED_OBJC_IMPLEMENTATIONS = YES;
				CLANG_WARN_DIRECT_OBJC_ISA_USAGE = YES_ERROR;
				CLANG_WARN_DOCUMENTATION_COMMENTS = YES;
				CLANG_WARN_EMPTY_BODY = YES;
				CLANG_WARN_ENUM_CONVERSION = YES;
				CLANG_WARN_INFINITE_RECURSION = YES;
				CLANG_WARN_INT_CONVERSION = YES;
				CLANG_WARN_NON_LITERAL_NULL_CONVERSION = YES;
				CLANG_WARN_OBJC_IMPLICIT_RETAIN_SELF = YES;
				CLANG_WARN_OBJC_LITERAL_CONVERSION = YES;
				CLANG_WARN_OBJC_ROOT_CLASS = YES_ERROR;
				CLANG_WARN_QUOTED_INCLUDE_IN_FRAMEWORK_HEADER = YES;
				CLANG_WARN_RANGE_LOOP_ANALYSIS = YES;
				CLANG_WARN_STRICT_PROTOTYPES = YES;
				CLANG_WARN_SUSPICIOUS_MOVE = YES;
				CLANG_WARN_UNGUARDED_AVAILABILITY = YES_AGGRESSIVE;
				CLANG_WARN_UNREACHABLE_CODE = YES;
				CLANG_WARN__DUPLICATE_METHOD_MATCH = YES;
				COPY_PHASE_STRIP = NO;
				DEBUG_INFORMATION_FORMAT = dwarf;
				ENABLE_STRICT_OBJC_MSGSEND = YES;
				ENABLE_TESTABILITY = YES;
				GCC_C_LANGUAGE_STANDARD = gnu11;
				GCC_DYNAMIC_NO_PIC = NO;
				GCC_NO_COMMON_BLOCKS = YES;
				GCC_OPTIMIZATION_LEVEL = 0;
				GCC_PREPROCESSOR_DEFINITIONS = (
					"DEBUG=1",
					"$(inherited)",
				);
				GCC_WARN_64_TO_32_BIT_CONVERSION = YES;
				GCC_WARN_ABOUT_RETURN_TYPE = YES_ERROR;
				GCC_WARN_UNDECLARED_SELECTOR = YES;
				GCC_WARN_UNINITIALIZED_AUTOS = YES_AGGRESSIVE;
				GCC_WARN_UNUSED_FUNCTION = YES;
				GCC_WARN_UNUSED_VARIABLE = YES;
				MACOSX_DEPLOYMENT_TARGET = 13.0;
				MTL_ENABLE_DEBUG_INFO = INCLUDE_SOURCE;
				MTL_FAST_MATH = YES;
				ONLY_ACTIVE_ARCH = YES;
				SDKROOT = macosx;
				SWIFT_ACTIVE_COMPILATION_CONDITIONS = DEBUG;
				SWIFT_OPTIMIZATION_LEVEL = "-Onone";
			};
			name = Debug;
		};
		7F8910E229347D5700E4C8ED /* Release */ = {
			isa = XCBuildConfiguration;
			buildSettings = {
				ALWAYS_SEARCH_USER_PATHS = NO;
				CLANG_ANALYZER_NONNULL = YES;
				CLANG_ANALYZER_NUMBER_OBJECT_CONVERSION = YES_AGGRESSIVE;
				CLANG_CXX_LANGUAGE_STANDARD = "gnu++20";
				CLANG_ENABLE_MODULES = YES;
				CLANG_ENABLE_OBJC_ARC = YES;
				CLANG_ENABLE_OBJC_WEAK = YES;
				CLANG_WARN_BLOCK_CAPTURE_AUTORELEASING = YES;
				CLANG_WARN_BOOL_CONVERSION = YES;
				CLANG_WARN_COMMA = YES;
				CLANG_WARN_CONSTANT_CONVERSION = YES;
				CLANG_WARN_DEPRECATED_OBJC_IMPLEMENTATIONS = YES;
				CLANG_WARN_DIRECT_OBJC_ISA_USAGE = YES_ERROR;
				CLANG_WARN_DOCUMENTATION_COMMENTS = YES;
				CLANG_WARN_EMPTY_BODY = YES;
				CLANG_WARN_ENUM_CONVERSION = YES;
				CLANG_WARN_INFINITE_RECURSION = YES;
				CLANG_WARN_INT_CONVERSION = YES;
				CLANG_WARN_NON_LITERAL_NULL_CONVERSION = YES;
				CLANG_WARN_OBJC_IMPLICIT_RETAIN_SELF = YES;
				CLANG_WARN_OBJC_LITERAL_CONVERSION = YES;
				CLANG_WARN_OBJC_ROOT_CLASS = YES_ERROR;
				CLANG_WARN_QUOTED_INCLUDE_IN_FRAMEWORK_HEADER = YES;
				CLANG_WARN_RANGE_LOOP_ANALYSIS = YES;
				CLANG_WARN_STRICT_PROTOTYPES = YES;
				CLANG_WARN_SUSPICIOUS_MOVE = YES;
				CLANG_WARN_UNGUARDED_AVAILABILITY = YES_AGGRESSIVE;
				CLANG_WARN_UNREACHABLE_CODE = YES;
				CLANG_WARN__DUPLICATE_METHOD_MATCH = YES;
				COPY_PHASE_STRIP = NO;
				DEBUG_INFORMATION_FORMAT = "dwarf-with-dsym";
				ENABLE_NS_ASSERTIONS = NO;
				ENABLE_STRICT_OBJC_MSGSEND = YES;
				GCC_C_LANGUAGE_STANDARD = gnu11;
				GCC_NO_COMMON_BLOCKS = YES;
				GCC_WARN_64_TO_32_BIT_CONVERSION = YES;
				GCC_WARN_ABOUT_RETURN_TYPE = YES_ERROR;
				GCC_WARN_UNDECLARED_SELECTOR = YES;
				GCC_WARN_UNINITIALIZED_AUTOS = YES_AGGRESSIVE;
				GCC_WARN_UNUSED_FUNCTION = YES;
				GCC_WARN_UNUSED_VARIABLE = YES;
				MACOSX_DEPLOYMENT_TARGET = 13.0;
				MTL_ENABLE_DEBUG_INFO = NO;
				MTL_FAST_MATH = YES;
				SDKROOT = macosx;
				SWIFT_COMPILATION_MODE = wholemodule;
				SWIFT_OPTIMIZATION_LEVEL = "-O";
			};
			name = Release;
		};
		7F8910E429347D5700E4C8ED /* Debug */ = {
			isa = XCBuildConfiguration;
			buildSettings = {
				ASSETCATALOG_COMPILER_APPICON_NAME = AppIcon;
				ASSETCATALOG_COMPILER_GLOBAL_ACCENT_COLOR_NAME = AccentColor;
				CODE_SIGN_ENTITLEMENTS = "Game Engine/Other Files/Game_Engine.entitlements";
				CODE_SIGN_STYLE = Automatic;
				COMBINE_HIDPI_IMAGES = YES;
				CURRENT_PROJECT_VERSION = 1;
				GENERATE_INFOPLIST_FILE = YES;
				INFOPLIST_KEY_NSHumanReadableCopyright = "";
				INFOPLIST_KEY_NSMainStoryboardFile = Main;
				INFOPLIST_KEY_NSPrincipalClass = NSApplication;
				LD_RUNPATH_SEARCH_PATHS = (
					"$(inherited)",
					"@executable_path/../Frameworks",
				);
				MARKETING_VERSION = 1.0;
				PRODUCT_BUNDLE_IDENTIFIER = "z4gon.Game-Engine";
				PRODUCT_NAME = "$(TARGET_NAME)";
				SWIFT_EMIT_LOC_STRINGS = YES;
				SWIFT_VERSION = 5.0;
			};
			name = Debug;
		};
		7F8910E529347D5700E4C8ED /* Release */ = {
			isa = XCBuildConfiguration;
			buildSettings = {
				ASSETCATALOG_COMPILER_APPICON_NAME = AppIcon;
				ASSETCATALOG_COMPILER_GLOBAL_ACCENT_COLOR_NAME = AccentColor;
				CODE_SIGN_ENTITLEMENTS = "Game Engine/Other Files/Game_Engine.entitlements";
				CODE_SIGN_STYLE = Automatic;
				COMBINE_HIDPI_IMAGES = YES;
				CURRENT_PROJECT_VERSION = 1;
				GENERATE_INFOPLIST_FILE = YES;
				INFOPLIST_KEY_NSHumanReadableCopyright = "";
				INFOPLIST_KEY_NSMainStoryboardFile = Main;
				INFOPLIST_KEY_NSPrincipalClass = NSApplication;
				LD_RUNPATH_SEARCH_PATHS = (
					"$(inherited)",
					"@executable_path/../Frameworks",
				);
				MARKETING_VERSION = 1.0;
				PRODUCT_BUNDLE_IDENTIFIER = "z4gon.Game-Engine";
				PRODUCT_NAME = "$(TARGET_NAME)";
				SWIFT_EMIT_LOC_STRINGS = YES;
				SWIFT_VERSION = 5.0;
			};
			name = Release;
		};
		7F8910E729347D5700E4C8ED /* Debug */ = {
			isa = XCBuildConfiguration;
			buildSettings = {
				ALWAYS_EMBED_SWIFT_STANDARD_LIBRARIES = YES;
				BUNDLE_LOADER = "$(TEST_HOST)";
				CODE_SIGN_STYLE = Automatic;
				CURRENT_PROJECT_VERSION = 1;
				GENERATE_INFOPLIST_FILE = YES;
				MACOSX_DEPLOYMENT_TARGET = 13.0;
				MARKETING_VERSION = 1.0;
				PRODUCT_BUNDLE_IDENTIFIER = "z4gon.Game-EngineTests";
				PRODUCT_NAME = "$(TARGET_NAME)";
				SWIFT_EMIT_LOC_STRINGS = NO;
				SWIFT_VERSION = 5.0;
				TEST_HOST = "$(BUILT_PRODUCTS_DIR)/Game Engine.app/$(BUNDLE_EXECUTABLE_FOLDER_PATH)/Game Engine";
			};
			name = Debug;
		};
		7F8910E829347D5700E4C8ED /* Release */ = {
			isa = XCBuildConfiguration;
			buildSettings = {
				ALWAYS_EMBED_SWIFT_STANDARD_LIBRARIES = YES;
				BUNDLE_LOADER = "$(TEST_HOST)";
				CODE_SIGN_STYLE = Automatic;
				CURRENT_PROJECT_VERSION = 1;
				GENERATE_INFOPLIST_FILE = YES;
				MACOSX_DEPLOYMENT_TARGET = 13.0;
				MARKETING_VERSION = 1.0;
				PRODUCT_BUNDLE_IDENTIFIER = "z4gon.Game-EngineTests";
				PRODUCT_NAME = "$(TARGET_NAME)";
				SWIFT_EMIT_LOC_STRINGS = NO;
				SWIFT_VERSION = 5.0;
				TEST_HOST = "$(BUILT_PRODUCTS_DIR)/Game Engine.app/$(BUNDLE_EXECUTABLE_FOLDER_PATH)/Game Engine";
			};
			name = Release;
		};
		7F8910EA29347D5700E4C8ED /* Debug */ = {
			isa = XCBuildConfiguration;
			buildSettings = {
				ALWAYS_EMBED_SWIFT_STANDARD_LIBRARIES = YES;
				CODE_SIGN_STYLE = Automatic;
				CURRENT_PROJECT_VERSION = 1;
				GENERATE_INFOPLIST_FILE = YES;
				MARKETING_VERSION = 1.0;
				PRODUCT_BUNDLE_IDENTIFIER = "z4gon.Game-EngineUITests";
				PRODUCT_NAME = "$(TARGET_NAME)";
				SWIFT_EMIT_LOC_STRINGS = NO;
				SWIFT_VERSION = 5.0;
				TEST_TARGET_NAME = "Game Engine";
			};
			name = Debug;
		};
		7F8910EB29347D5700E4C8ED /* Release */ = {
			isa = XCBuildConfiguration;
			buildSettings = {
				ALWAYS_EMBED_SWIFT_STANDARD_LIBRARIES = YES;
				CODE_SIGN_STYLE = Automatic;
				CURRENT_PROJECT_VERSION = 1;
				GENERATE_INFOPLIST_FILE = YES;
				MARKETING_VERSION = 1.0;
				PRODUCT_BUNDLE_IDENTIFIER = "z4gon.Game-EngineUITests";
				PRODUCT_NAME = "$(TARGET_NAME)";
				SWIFT_EMIT_LOC_STRINGS = NO;
				SWIFT_VERSION = 5.0;
				TEST_TARGET_NAME = "Game Engine";
			};
			name = Release;
		};
/* End XCBuildConfiguration section */

/* Begin XCConfigurationList section */
		7F8910B629347D5600E4C8ED /* Build configuration list for PBXProject "Game Engine" */ = {
			isa = XCConfigurationList;
			buildConfigurations = (
				7F8910E129347D5700E4C8ED /* Debug */,
				7F8910E229347D5700E4C8ED /* Release */,
			);
			defaultConfigurationIsVisible = 0;
			defaultConfigurationName = Release;
		};
		7F8910E329347D5700E4C8ED /* Build configuration list for PBXNativeTarget "Game Engine" */ = {
			isa = XCConfigurationList;
			buildConfigurations = (
				7F8910E429347D5700E4C8ED /* Debug */,
				7F8910E529347D5700E4C8ED /* Release */,
			);
			defaultConfigurationIsVisible = 0;
			defaultConfigurationName = Release;
		};
		7F8910E629347D5700E4C8ED /* Build configuration list for PBXNativeTarget "Game EngineTests" */ = {
			isa = XCConfigurationList;
			buildConfigurations = (
				7F8910E729347D5700E4C8ED /* Debug */,
				7F8910E829347D5700E4C8ED /* Release */,
			);
			defaultConfigurationIsVisible = 0;
			defaultConfigurationName = Release;
		};
		7F8910E929347D5700E4C8ED /* Build configuration list for PBXNativeTarget "Game EngineUITests" */ = {
			isa = XCConfigurationList;
			buildConfigurations = (
				7F8910EA29347D5700E4C8ED /* Debug */,
				7F8910EB29347D5700E4C8ED /* Release */,
			);
			defaultConfigurationIsVisible = 0;
			defaultConfigurationName = Release;
		};
/* End XCConfigurationList section */

/* Begin XCVersionGroup section */
		7F8910C229347D5600E4C8ED /* Game_Engine.xcdatamodeld */ = {
			isa = XCVersionGroup;
			children = (
				7F8910C329347D5600E4C8ED /* Game_Engine.xcdatamodel */,
			);
			currentVersion = 7F8910C329347D5600E4C8ED /* Game_Engine.xcdatamodel */;
			path = Game_Engine.xcdatamodeld;
			sourceTree = "<group>";
			versionGroupType = wrapper.xcdatamodel;
		};
/* End XCVersionGroup section */
	};
	rootObject = 7F8910B329347D5600E4C8ED /* Project object */;
}
